// !$*UTF8*$!
{
	archiveVersion = 1;
	classes = {
	};
	objectVersion = 55;
	objects = {

/* Begin PBXBuildFile section */
		CE34FE762922A07700671200 /* AppDelegate.swift in Sources */ = {isa = PBXBuildFile; fileRef = CE34FE752922A07700671200 /* AppDelegate.swift */; };
		CE34FE782922A07700671200 /* SceneDelegate.swift in Sources */ = {isa = PBXBuildFile; fileRef = CE34FE772922A07700671200 /* SceneDelegate.swift */; };
		CE34FE7A2922A07700671200 /* CharacterViewController.swift in Sources */ = {isa = PBXBuildFile; fileRef = CE34FE792922A07700671200 /* CharacterViewController.swift */; };
		CE34FE7D2922A07700671200 /* Main.storyboard in Resources */ = {isa = PBXBuildFile; fileRef = CE34FE7B2922A07700671200 /* Main.storyboard */; };
		CE34FE7F2922A07900671200 /* Assets.xcassets in Resources */ = {isa = PBXBuildFile; fileRef = CE34FE7E2922A07900671200 /* Assets.xcassets */; };
		CE34FE822922A07900671200 /* LaunchScreen.storyboard in Resources */ = {isa = PBXBuildFile; fileRef = CE34FE802922A07900671200 /* LaunchScreen.storyboard */; };
		CE4107D529237A2B0070B3B8 /* CharacterTableViewCell.swift in Sources */ = {isa = PBXBuildFile; fileRef = CE4107D329237A2B0070B3B8 /* CharacterTableViewCell.swift */; };
		CE4107D629237A2B0070B3B8 /* CharacterTableViewCell.xib in Resources */ = {isa = PBXBuildFile; fileRef = CE4107D429237A2B0070B3B8 /* CharacterTableViewCell.xib */; };
		CE4107D829237A750070B3B8 /* CharacterTableViewController.swift in Sources */ = {isa = PBXBuildFile; fileRef = CE4107D729237A750070B3B8 /* CharacterTableViewController.swift */; };
		CE4107DB29237AE30070B3B8 /* APICall.swift in Sources */ = {isa = PBXBuildFile; fileRef = CE4107DA29237AE30070B3B8 /* APICall.swift */; };
		CE4107DD29237D2E0070B3B8 /* CharacterData.swift in Sources */ = {isa = PBXBuildFile; fileRef = CE4107DC29237D2E0070B3B8 /* CharacterData.swift */; };
		CE4107DF29237E4B0070B3B8 /* PageInfoModel.swift in Sources */ = {isa = PBXBuildFile; fileRef = CE4107DE29237E4B0070B3B8 /* PageInfoModel.swift */; };
		CE4107E2292386C90070B3B8 /* CharacterViewModel.swift in Sources */ = {isa = PBXBuildFile; fileRef = CE4107E1292386C90070B3B8 /* CharacterViewModel.swift */; };
		CE4107E6292386E10070B3B8 /* CharacterRouter.swift in Sources */ = {isa = PBXBuildFile; fileRef = CE4107E5292386E10070B3B8 /* CharacterRouter.swift */; };
		CE4107E829238A870070B3B8 /* RickAndMortyData.swift in Sources */ = {isa = PBXBuildFile; fileRef = CE4107E729238A870070B3B8 /* RickAndMortyData.swift */; };
		CE6AABB52924E5D700194E0E /* AdditionalCharacterInfoViewModel.swift in Sources */ = {isa = PBXBuildFile; fileRef = CE6AABB42924E5D700194E0E /* AdditionalCharacterInfoViewModel.swift */; };
		CE6AABB72924E5E400194E0E /* AdditionalCharacterInfoRouter.swift in Sources */ = {isa = PBXBuildFile; fileRef = CE6AABB62924E5E400194E0E /* AdditionalCharacterInfoRouter.swift */; };
		CE6AABBB2924E7EA00194E0E /* OriginDTO.swift in Sources */ = {isa = PBXBuildFile; fileRef = CE6AABBA2924E7EA00194E0E /* OriginDTO.swift */; };
		CE6AABBD2924E82900194E0E /* LocationDTO.swift in Sources */ = {isa = PBXBuildFile; fileRef = CE6AABBC2924E82900194E0E /* LocationDTO.swift */; };
		CE6AABC22925349600194E0E /* AlamofireImage in Frameworks */ = {isa = PBXBuildFile; productRef = CE6AABC12925349600194E0E /* AlamofireImage */; };
		CED70CDE2924D6C1005F067F /* AdditionalCharacterInfoViewController.swift in Sources */ = {isa = PBXBuildFile; fileRef = CED70CDD2924D6C1005F067F /* AdditionalCharacterInfoViewController.swift */; };
		CED70CE02924D6D7005F067F /* AdditionalCharacterInfoViewController.storyboard in Resources */ = {isa = PBXBuildFile; fileRef = CED70CDF2924D6D7005F067F /* AdditionalCharacterInfoViewController.storyboard */; };
/* End PBXBuildFile section */

/* Begin PBXFileReference section */
		CE34FE722922A07700671200 /* RickAndMortyAPIProject.app */ = {isa = PBXFileReference; explicitFileType = wrapper.application; includeInIndex = 0; path = RickAndMortyAPIProject.app; sourceTree = BUILT_PRODUCTS_DIR; };
		CE34FE752922A07700671200 /* AppDelegate.swift */ = {isa = PBXFileReference; lastKnownFileType = sourcecode.swift; path = AppDelegate.swift; sourceTree = "<group>"; };
		CE34FE772922A07700671200 /* SceneDelegate.swift */ = {isa = PBXFileReference; lastKnownFileType = sourcecode.swift; path = SceneDelegate.swift; sourceTree = "<group>"; };
		CE34FE792922A07700671200 /* CharacterViewController.swift */ = {isa = PBXFileReference; lastKnownFileType = sourcecode.swift; path = CharacterViewController.swift; sourceTree = "<group>"; };
		CE34FE7C2922A07700671200 /* Base */ = {isa = PBXFileReference; lastKnownFileType = file.storyboard; name = Base; path = Base.lproj/Main.storyboard; sourceTree = "<group>"; };
		CE34FE7E2922A07900671200 /* Assets.xcassets */ = {isa = PBXFileReference; lastKnownFileType = folder.assetcatalog; path = Assets.xcassets; sourceTree = "<group>"; };
		CE34FE812922A07900671200 /* Base */ = {isa = PBXFileReference; lastKnownFileType = file.storyboard; name = Base; path = Base.lproj/LaunchScreen.storyboard; sourceTree = "<group>"; };
		CE34FE832922A07900671200 /* Info.plist */ = {isa = PBXFileReference; lastKnownFileType = text.plist.xml; path = Info.plist; sourceTree = "<group>"; };
		CE4107D329237A2B0070B3B8 /* CharacterTableViewCell.swift */ = {isa = PBXFileReference; lastKnownFileType = sourcecode.swift; path = CharacterTableViewCell.swift; sourceTree = "<group>"; };
		CE4107D429237A2B0070B3B8 /* CharacterTableViewCell.xib */ = {isa = PBXFileReference; lastKnownFileType = file.xib; path = CharacterTableViewCell.xib; sourceTree = "<group>"; };
		CE4107D729237A750070B3B8 /* CharacterTableViewController.swift */ = {isa = PBXFileReference; lastKnownFileType = sourcecode.swift; path = CharacterTableViewController.swift; sourceTree = "<group>"; };
		CE4107DA29237AE30070B3B8 /* APICall.swift */ = {isa = PBXFileReference; lastKnownFileType = sourcecode.swift; path = APICall.swift; sourceTree = "<group>"; };
		CE4107DC29237D2E0070B3B8 /* CharacterData.swift */ = {isa = PBXFileReference; lastKnownFileType = sourcecode.swift; path = CharacterData.swift; sourceTree = "<group>"; };
		CE4107DE29237E4B0070B3B8 /* PageInfoModel.swift */ = {isa = PBXFileReference; lastKnownFileType = sourcecode.swift; path = PageInfoModel.swift; sourceTree = "<group>"; };
		CE4107E1292386C90070B3B8 /* CharacterViewModel.swift */ = {isa = PBXFileReference; lastKnownFileType = sourcecode.swift; path = CharacterViewModel.swift; sourceTree = "<group>"; };
		CE4107E5292386E10070B3B8 /* CharacterRouter.swift */ = {isa = PBXFileReference; lastKnownFileType = sourcecode.swift; path = CharacterRouter.swift; sourceTree = "<group>"; };
		CE4107E729238A870070B3B8 /* RickAndMortyData.swift */ = {isa = PBXFileReference; lastKnownFileType = sourcecode.swift; path = RickAndMortyData.swift; sourceTree = "<group>"; };
		CE6AABB42924E5D700194E0E /* AdditionalCharacterInfoViewModel.swift */ = {isa = PBXFileReference; lastKnownFileType = sourcecode.swift; path = AdditionalCharacterInfoViewModel.swift; sourceTree = "<group>"; };
		CE6AABB62924E5E400194E0E /* AdditionalCharacterInfoRouter.swift */ = {isa = PBXFileReference; lastKnownFileType = sourcecode.swift; path = AdditionalCharacterInfoRouter.swift; sourceTree = "<group>"; };
		CE6AABBA2924E7EA00194E0E /* OriginDTO.swift */ = {isa = PBXFileReference; lastKnownFileType = sourcecode.swift; path = OriginDTO.swift; sourceTree = "<group>"; };
		CE6AABBC2924E82900194E0E /* LocationDTO.swift */ = {isa = PBXFileReference; lastKnownFileType = sourcecode.swift; path = LocationDTO.swift; sourceTree = "<group>"; };
		CED70CDD2924D6C1005F067F /* AdditionalCharacterInfoViewController.swift */ = {isa = PBXFileReference; lastKnownFileType = sourcecode.swift; path = AdditionalCharacterInfoViewController.swift; sourceTree = "<group>"; };
		CED70CDF2924D6D7005F067F /* AdditionalCharacterInfoViewController.storyboard */ = {isa = PBXFileReference; lastKnownFileType = file.storyboard; path = AdditionalCharacterInfoViewController.storyboard; sourceTree = "<group>"; };
/* End PBXFileReference section */

/* Begin PBXFrameworksBuildPhase section */
		CE34FE6F2922A07700671200 /* Frameworks */ = {
			isa = PBXFrameworksBuildPhase;
			buildActionMask = 2147483647;
			files = (
				CE6AABC22925349600194E0E /* AlamofireImage in Frameworks */,
			);
			runOnlyForDeploymentPostprocessing = 0;
		};
/* End PBXFrameworksBuildPhase section */

/* Begin PBXGroup section */
		CE34FE692922A07700671200 = {
			isa = PBXGroup;
			children = (
				CE34FE742922A07700671200 /* RickAndMortyAPIProject */,
				CE34FE732922A07700671200 /* Products */,
			);
			sourceTree = "<group>";
		};
		CE34FE732922A07700671200 /* Products */ = {
			isa = PBXGroup;
			children = (
				CE34FE722922A07700671200 /* RickAndMortyAPIProject.app */,
			);
			name = Products;
			sourceTree = "<group>";
		};
		CE34FE742922A07700671200 /* RickAndMortyAPIProject */ = {
			isa = PBXGroup;
			children = (
				CE4107D929237AD50070B3B8 /* Data */,
				CE4107CD292379000070B3B8 /* Domain */,
				CE4107CF2923794F0070B3B8 /* Presentation */,
				CE4107D0292379B90070B3B8 /* Resources */,
				CE34FE802922A07900671200 /* LaunchScreen.storyboard */,
				CE34FE832922A07900671200 /* Info.plist */,
			);
			path = RickAndMortyAPIProject;
			sourceTree = "<group>";
		};
		CE4107CD292379000070B3B8 /* Domain */ = {
			isa = PBXGroup;
			children = (
				CE4107CE2923790B0070B3B8 /* Entity */,
			);
			path = Domain;
			sourceTree = "<group>";
		};
		CE4107CE2923790B0070B3B8 /* Entity */ = {
			isa = PBXGroup;
			children = (
				CE4107E729238A870070B3B8 /* RickAndMortyData.swift */,
				CE4107DC29237D2E0070B3B8 /* CharacterData.swift */,
				CE4107DE29237E4B0070B3B8 /* PageInfoModel.swift */,
				CE6AABBA2924E7EA00194E0E /* OriginDTO.swift */,
				CE6AABBC2924E82900194E0E /* LocationDTO.swift */,
			);
			path = Entity;
			sourceTree = "<group>";
		};
		CE4107CF2923794F0070B3B8 /* Presentation */ = {
			isa = PBXGroup;
			children = (
				CE4107D1292379EE0070B3B8 /* App */,
				CE4107D229237A130070B3B8 /* CustomElements */,
				CED70CDB2924D680005F067F /* Modules */,
			);
			path = Presentation;
			sourceTree = "<group>";
		};
		CE4107D0292379B90070B3B8 /* Resources */ = {
			isa = PBXGroup;
			children = (
				CE34FE7E2922A07900671200 /* Assets.xcassets */,
			);
			path = Resources;
			sourceTree = "<group>";
		};
		CE4107D1292379EE0070B3B8 /* App */ = {
			isa = PBXGroup;
			children = (
				CE34FE752922A07700671200 /* AppDelegate.swift */,
				CE34FE772922A07700671200 /* SceneDelegate.swift */,
			);
			path = App;
			sourceTree = "<group>";
		};
		CE4107D229237A130070B3B8 /* CustomElements */ = {
			isa = PBXGroup;
			children = (
				CE4107D329237A2B0070B3B8 /* CharacterTableViewCell.swift */,
				CE4107D429237A2B0070B3B8 /* CharacterTableViewCell.xib */,
			);
			path = CustomElements;
			sourceTree = "<group>";
		};
		CE4107D929237AD50070B3B8 /* Data */ = {
			isa = PBXGroup;
			children = (
				CE4107DA29237AE30070B3B8 /* APICall.swift */,
			);
			path = Data;
			sourceTree = "<group>";
		};
		CE4107E0292386AE0070B3B8 /* Home */ = {
			isa = PBXGroup;
			children = (
				CE34FE792922A07700671200 /* CharacterViewController.swift */,
				CE34FE7B2922A07700671200 /* Main.storyboard */,
				CE4107D729237A750070B3B8 /* CharacterTableViewController.swift */,
				CE4107E1292386C90070B3B8 /* CharacterViewModel.swift */,
				CE4107E5292386E10070B3B8 /* CharacterRouter.swift */,
			);
			path = Home;
			sourceTree = "<group>";
		};
		CED70CDB2924D680005F067F /* Modules */ = {
			isa = PBXGroup;
			children = (
				CED70CDC2924D68F005F067F /* Additional Info */,
				CE4107E0292386AE0070B3B8 /* Home */,
			);
			path = Modules;
			sourceTree = "<group>";
		};
		CED70CDC2924D68F005F067F /* Additional Info */ = {
			isa = PBXGroup;
			children = (
				CED70CDD2924D6C1005F067F /* AdditionalCharacterInfoViewController.swift */,
				CED70CDF2924D6D7005F067F /* AdditionalCharacterInfoViewController.storyboard */,
				CE6AABB42924E5D700194E0E /* AdditionalCharacterInfoViewModel.swift */,
				CE6AABB62924E5E400194E0E /* AdditionalCharacterInfoRouter.swift */,
			);
			path = "Additional Info";
			sourceTree = "<group>";
		};
/* End PBXGroup section */

/* Begin PBXNativeTarget section */
		CE34FE712922A07700671200 /* RickAndMortyAPIProject */ = {
			isa = PBXNativeTarget;
			buildConfigurationList = CE34FE862922A07900671200 /* Build configuration list for PBXNativeTarget "RickAndMortyAPIProject" */;
			buildPhases = (
				CE34FE6E2922A07700671200 /* Sources */,
				CE34FE6F2922A07700671200 /* Frameworks */,
				CE34FE702922A07700671200 /* Resources */,
			);
			buildRules = (
			);
			dependencies = (
			);
			name = RickAndMortyAPIProject;
			packageProductDependencies = (
				CE6AABC12925349600194E0E /* AlamofireImage */,
			);
			productName = RickAndMortyAPIProject;
			productReference = CE34FE722922A07700671200 /* RickAndMortyAPIProject.app */;
			productType = "com.apple.product-type.application";
		};
/* End PBXNativeTarget section */

/* Begin PBXProject section */
		CE34FE6A2922A07700671200 /* Project object */ = {
			isa = PBXProject;
			attributes = {
				BuildIndependentTargetsInParallel = 1;
				LastSwiftUpdateCheck = 1340;
				LastUpgradeCheck = 1340;
				TargetAttributes = {
					CE34FE712922A07700671200 = {
						CreatedOnToolsVersion = 13.4;
					};
				};
			};
			buildConfigurationList = CE34FE6D2922A07700671200 /* Build configuration list for PBXProject "RickAndMortyAPIProject" */;
			compatibilityVersion = "Xcode 13.0";
			developmentRegion = en;
			hasScannedForEncodings = 0;
			knownRegions = (
				en,
				Base,
			);
			mainGroup = CE34FE692922A07700671200;
			packageReferences = (
				CE6AABC02925349600194E0E /* XCRemoteSwiftPackageReference "AlamofireImage" */,
			);
			productRefGroup = CE34FE732922A07700671200 /* Products */;
			projectDirPath = "";
			projectRoot = "";
			targets = (
				CE34FE712922A07700671200 /* RickAndMortyAPIProject */,
			);
		};
/* End PBXProject section */

/* Begin PBXResourcesBuildPhase section */
		CE34FE702922A07700671200 /* Resources */ = {
			isa = PBXResourcesBuildPhase;
			buildActionMask = 2147483647;
			files = (
				CE34FE822922A07900671200 /* LaunchScreen.storyboard in Resources */,
				CE34FE7F2922A07900671200 /* Assets.xcassets in Resources */,
				CED70CE02924D6D7005F067F /* AdditionalCharacterInfoViewController.storyboard in Resources */,
				CE34FE7D2922A07700671200 /* Main.storyboard in Resources */,
				CE4107D629237A2B0070B3B8 /* CharacterTableViewCell.xib in Resources */,
			);
			runOnlyForDeploymentPostprocessing = 0;
		};
/* End PBXResourcesBuildPhase section */

/* Begin PBXSourcesBuildPhase section */
		CE34FE6E2922A07700671200 /* Sources */ = {
			isa = PBXSourcesBuildPhase;
			buildActionMask = 2147483647;
			files = (
				CE34FE7A2922A07700671200 /* CharacterViewController.swift in Sources */,
				CE4107E2292386C90070B3B8 /* CharacterViewModel.swift in Sources */,
				CE4107E829238A870070B3B8 /* RickAndMortyData.swift in Sources */,
				CE4107D829237A750070B3B8 /* CharacterTableViewController.swift in Sources */,
				CE4107DB29237AE30070B3B8 /* APICall.swift in Sources */,
				CE4107E6292386E10070B3B8 /* CharacterRouter.swift in Sources */,
				CE34FE762922A07700671200 /* AppDelegate.swift in Sources */,
				CE34FE782922A07700671200 /* SceneDelegate.swift in Sources */,
				CE4107DD29237D2E0070B3B8 /* CharacterData.swift in Sources */,
				CE6AABB72924E5E400194E0E /* AdditionalCharacterInfoRouter.swift in Sources */,
				CE6AABBB2924E7EA00194E0E /* OriginDTO.swift in Sources */,
				CE4107D529237A2B0070B3B8 /* CharacterTableViewCell.swift in Sources */,
				CE6AABBD2924E82900194E0E /* LocationDTO.swift in Sources */,
				CE4107DF29237E4B0070B3B8 /* PageInfoModel.swift in Sources */,
				CE6AABB52924E5D700194E0E /* AdditionalCharacterInfoViewModel.swift in Sources */,
				CED70CDE2924D6C1005F067F /* AdditionalCharacterInfoViewController.swift in Sources */,
			);
			runOnlyForDeploymentPostprocessing = 0;
		};
/* End PBXSourcesBuildPhase section */

/* Begin PBXVariantGroup section */
		CE34FE7B2922A07700671200 /* Main.storyboard */ = {
			isa = PBXVariantGroup;
			children = (
				CE34FE7C2922A07700671200 /* Base */,
			);
			name = Main.storyboard;
			sourceTree = "<group>";
		};
		CE34FE802922A07900671200 /* LaunchScreen.storyboard */ = {
			isa = PBXVariantGroup;
			children = (
				CE34FE812922A07900671200 /* Base */,
			);
			name = LaunchScreen.storyboard;
			sourceTree = "<group>";
		};
/* End PBXVariantGroup section */

/* Begin XCBuildConfiguration section */
		CE34FE842922A07900671200 /* Debug */ = {
			isa = XCBuildConfiguration;
			buildSettings = {
				ALWAYS_SEARCH_USER_PATHS = NO;
				CLANG_ANALYZER_NONNULL = YES;
				CLANG_ANALYZER_NUMBER_OBJECT_CONVERSION = YES_AGGRESSIVE;
				CLANG_CXX_LANGUAGE_STANDARD = "gnu++17";
				CLANG_ENABLE_MODULES = YES;
				CLANG_ENABLE_OBJC_ARC = YES;
				CLANG_ENABLE_OBJC_WEAK = YES;
				CLANG_WARN_BLOCK_CAPTURE_AUTORELEASING = YES;
				CLANG_WARN_BOOL_CONVERSION = YES;
				CLANG_WARN_COMMA = YES;
				CLANG_WARN_CONSTANT_CONVERSION = YES;
				CLANG_WARN_DEPRECATED_OBJC_IMPLEMENTATIONS = YES;
				CLANG_WARN_DIRECT_OBJC_ISA_USAGE = YES_ERROR;
				CLANG_WARN_DOCUMENTATION_COMMENTS = YES;
				CLANG_WARN_EMPTY_BODY = YES;
				CLANG_WARN_ENUM_CONVERSION = YES;
				CLANG_WARN_INFINITE_RECURSION = YES;
				CLANG_WARN_INT_CONVERSION = YES;
				CLANG_WARN_NON_LITERAL_NULL_CONVERSION = YES;
				CLANG_WARN_OBJC_IMPLICIT_RETAIN_SELF = YES;
				CLANG_WARN_OBJC_LITERAL_CONVERSION = YES;
				CLANG_WARN_OBJC_ROOT_CLASS = YES_ERROR;
				CLANG_WARN_QUOTED_INCLUDE_IN_FRAMEWORK_HEADER = YES;
				CLANG_WARN_RANGE_LOOP_ANALYSIS = YES;
				CLANG_WARN_STRICT_PROTOTYPES = YES;
				CLANG_WARN_SUSPICIOUS_MOVE = YES;
				CLANG_WARN_UNGUARDED_AVAILABILITY = YES_AGGRESSIVE;
				CLANG_WARN_UNREACHABLE_CODE = YES;
				CLANG_WARN__DUPLICATE_METHOD_MATCH = YES;
				COPY_PHASE_STRIP = NO;
				DEBUG_INFORMATION_FORMAT = dwarf;
				ENABLE_STRICT_OBJC_MSGSEND = YES;
				ENABLE_TESTABILITY = YES;
				GCC_C_LANGUAGE_STANDARD = gnu11;
				GCC_DYNAMIC_NO_PIC = NO;
				GCC_NO_COMMON_BLOCKS = YES;
				GCC_OPTIMIZATION_LEVEL = 0;
				GCC_PREPROCESSOR_DEFINITIONS = (
					"DEBUG=1",
					"$(inherited)",
				);
				GCC_WARN_64_TO_32_BIT_CONVERSION = YES;
				GCC_WARN_ABOUT_RETURN_TYPE = YES_ERROR;
				GCC_WARN_UNDECLARED_SELECTOR = YES;
				GCC_WARN_UNINITIALIZED_AUTOS = YES_AGGRESSIVE;
				GCC_WARN_UNUSED_FUNCTION = YES;
				GCC_WARN_UNUSED_VARIABLE = YES;
				IPHONEOS_DEPLOYMENT_TARGET = 15.5;
				MTL_ENABLE_DEBUG_INFO = INCLUDE_SOURCE;
				MTL_FAST_MATH = YES;
				ONLY_ACTIVE_ARCH = YES;
				SDKROOT = iphoneos;
				SWIFT_ACTIVE_COMPILATION_CONDITIONS = DEBUG;
				SWIFT_OPTIMIZATION_LEVEL = "-Onone";
			};
			name = Debug;
		};
		CE34FE852922A07900671200 /* Release */ = {
			isa = XCBuildConfiguration;
			buildSettings = {
				ALWAYS_SEARCH_USER_PATHS = NO;
				CLANG_ANALYZER_NONNULL = YES;
				CLANG_ANALYZER_NUMBER_OBJECT_CONVERSION = YES_AGGRESSIVE;
				CLANG_CXX_LANGUAGE_STANDARD = "gnu++17";
				CLANG_ENABLE_MODULES = YES;
				CLANG_ENABLE_OBJC_ARC = YES;
				CLANG_ENABLE_OBJC_WEAK = YES;
				CLANG_WARN_BLOCK_CAPTURE_AUTORELEASING = YES;
				CLANG_WARN_BOOL_CONVERSION = YES;
				CLANG_WARN_COMMA = YES;
				CLANG_WARN_CONSTANT_CONVERSION = YES;
				CLANG_WARN_DEPRECATED_OBJC_IMPLEMENTATIONS = YES;
				CLANG_WARN_DIRECT_OBJC_ISA_USAGE = YES_ERROR;
				CLANG_WARN_DOCUMENTATION_COMMENTS = YES;
				CLANG_WARN_EMPTY_BODY = YES;
				CLANG_WARN_ENUM_CONVERSION = YES;
				CLANG_WARN_INFINITE_RECURSION = YES;
				CLANG_WARN_INT_CONVERSION = YES;
				CLANG_WARN_NON_LITERAL_NULL_CONVERSION = YES;
				CLANG_WARN_OBJC_IMPLICIT_RETAIN_SELF = YES;
				CLANG_WARN_OBJC_LITERAL_CONVERSION = YES;
				CLANG_WARN_OBJC_ROOT_CLASS = YES_ERROR;
				CLANG_WARN_QUOTED_INCLUDE_IN_FRAMEWORK_HEADER = YES;
				CLANG_WARN_RANGE_LOOP_ANALYSIS = YES;
				CLANG_WARN_STRICT_PROTOTYPES = YES;
				CLANG_WARN_SUSPICIOUS_MOVE = YES;
				CLANG_WARN_UNGUARDED_AVAILABILITY = YES_AGGRESSIVE;
				CLANG_WARN_UNREACHABLE_CODE = YES;
				CLANG_WARN__DUPLICATE_METHOD_MATCH = YES;
				COPY_PHASE_STRIP = NO;
				DEBUG_INFORMATION_FORMAT = "dwarf-with-dsym";
				ENABLE_NS_ASSERTIONS = NO;
				ENABLE_STRICT_OBJC_MSGSEND = YES;
				GCC_C_LANGUAGE_STANDARD = gnu11;
				GCC_NO_COMMON_BLOCKS = YES;
				GCC_WARN_64_TO_32_BIT_CONVERSION = YES;
				GCC_WARN_ABOUT_RETURN_TYPE = YES_ERROR;
				GCC_WARN_UNDECLARED_SELECTOR = YES;
				GCC_WARN_UNINITIALIZED_AUTOS = YES_AGGRESSIVE;
				GCC_WARN_UNUSED_FUNCTION = YES;
				GCC_WARN_UNUSED_VARIABLE = YES;
				IPHONEOS_DEPLOYMENT_TARGET = 15.5;
				MTL_ENABLE_DEBUG_INFO = NO;
				MTL_FAST_MATH = YES;
				SDKROOT = iphoneos;
				SWIFT_COMPILATION_MODE = wholemodule;
				SWIFT_OPTIMIZATION_LEVEL = "-O";
				VALIDATE_PRODUCT = YES;
			};
			name = Release;
		};
		CE34FE872922A07900671200 /* Debug */ = {
			isa = XCBuildConfiguration;
			buildSettings = {
				ASSETCATALOG_COMPILER_APPICON_NAME = AppIcon;
				ASSETCATALOG_COMPILER_GLOBAL_ACCENT_COLOR_NAME = AccentColor;
				CODE_SIGN_STYLE = Automatic;
				CURRENT_PROJECT_VERSION = 1;
				DEVELOPMENT_TEAM = J5PAVNT2WB;
				GENERATE_INFOPLIST_FILE = YES;
				INFOPLIST_FILE = RickAndMortyAPIProject/Info.plist;
				INFOPLIST_KEY_UIApplicationSupportsIndirectInputEvents = YES;
				INFOPLIST_KEY_UILaunchStoryboardName = LaunchScreen;
				INFOPLIST_KEY_UIMainStoryboardFile = Main;
				INFOPLIST_KEY_UISupportedInterfaceOrientations_iPad = "UIInterfaceOrientationPortrait UIInterfaceOrientationPortraitUpsideDown UIInterfaceOrientationLandscapeLeft UIInterfaceOrientationLandscapeRight";
				INFOPLIST_KEY_UISupportedInterfaceOrientations_iPhone = "UIInterfaceOrientationPortrait UIInterfaceOrientationLandscapeLeft UIInterfaceOrientationLandscapeRight";
				LD_RUNPATH_SEARCH_PATHS = (
					"$(inherited)",
					"@executable_path/Frameworks",
				);
				MARKETING_VERSION = 1.0;
				PRODUCT_BUNDLE_IDENTIFIER = com.example.RickAndMortyAPIProject;
				PRODUCT_NAME = "$(TARGET_NAME)";
				SWIFT_EMIT_LOC_STRINGS = YES;
				SWIFT_VERSION = 5.0;
				TARGETED_DEVICE_FAMILY = "1,2";
			};
			name = Debug;
		};
		CE34FE882922A07900671200 /* Release */ = {
			isa = XCBuildConfiguration;
			buildSettings = {
				ASSETCATALOG_COMPILER_APPICON_NAME = AppIcon;
				ASSETCATALOG_COMPILER_GLOBAL_ACCENT_COLOR_NAME = AccentColor;
				CODE_SIGN_STYLE = Automatic;
				CURRENT_PROJECT_VERSION = 1;
				DEVELOPMENT_TEAM = J5PAVNT2WB;
				GENERATE_INFOPLIST_FILE = YES;
				INFOPLIST_FILE = RickAndMortyAPIProject/Info.plist;
				INFOPLIST_KEY_UIApplicationSupportsIndirectInputEvents = YES;
				INFOPLIST_KEY_UILaunchStoryboardName = LaunchScreen;
				INFOPLIST_KEY_UIMainStoryboardFile = Main;
				INFOPLIST_KEY_UISupportedInterfaceOrientations_iPad = "UIInterfaceOrientationPortrait UIInterfaceOrientationPortraitUpsideDown UIInterfaceOrientationLandscapeLeft UIInterfaceOrientationLandscapeRight";
				INFOPLIST_KEY_UISupportedInterfaceOrientations_iPhone = "UIInterfaceOrientationPortrait UIInterfaceOrientationLandscapeLeft UIInterfaceOrientationLandscapeRight";
				LD_RUNPATH_SEARCH_PATHS = (
					"$(inherited)",
					"@executable_path/Frameworks",
				);
				MARKETING_VERSION = 1.0;
				PRODUCT_BUNDLE_IDENTIFIER = com.example.RickAndMortyAPIProject;
				PRODUCT_NAME = "$(TARGET_NAME)";
				SWIFT_EMIT_LOC_STRINGS = YES;
				SWIFT_VERSION = 5.0;
				TARGETED_DEVICE_FAMILY = "1,2";
			};
			name = Release;
		};
/* End XCBuildConfiguration section */

/* Begin XCConfigurationList section */
		CE34FE6D2922A07700671200 /* Build configuration list for PBXProject "RickAndMortyAPIProject" */ = {
			isa = XCConfigurationList;
			buildConfigurations = (
				CE34FE842922A07900671200 /* Debug */,
				CE34FE852922A07900671200 /* Release */,
			);
			defaultConfigurationIsVisible = 0;
			defaultConfigurationName = Release;
		};
		CE34FE862922A07900671200 /* Build configuration list for PBXNativeTarget "RickAndMortyAPIProject" */ = {
			isa = XCConfigurationList;
			buildConfigurations = (
				CE34FE872922A07900671200 /* Debug */,
				CE34FE882922A07900671200 /* Release */,
			);
			defaultConfigurationIsVisible = 0;
			defaultConfigurationName = Release;
		};
/* End XCConfigurationList section */

/* Begin XCRemoteSwiftPackageReference section */
		CE6AABC02925349600194E0E /* XCRemoteSwiftPackageReference "AlamofireImage" */ = {
			isa = XCRemoteSwiftPackageReference;
			repositoryURL = "https://github.com/Alamofire/AlamofireImage";
			requirement = {
				branch = master;
				kind = branch;
			};
		};
/* End XCRemoteSwiftPackageReference section */

/* Begin XCSwiftPackageProductDependency section */
		CE6AABC12925349600194E0E /* AlamofireImage */ = {
			isa = XCSwiftPackageProductDependency;
			package = CE6AABC02925349600194E0E /* XCRemoteSwiftPackageReference "AlamofireImage" */;
			productName = AlamofireImage;
		};
/* End XCSwiftPackageProductDependency section */
	};
	rootObject = CE34FE6A2922A07700671200 /* Project object */;
}
